
Microsoft Visual Studio Solution File, Format Version 12.00
# Visual Studio 15
VisualStudioVersion = 15.0.27703.2047
MinimumVisualStudioVersion = 10.0.40219.1
Project("{9A19103F-16F7-4668-BE54-9A1E7A4F7556}") = "TableDependency.SqlClient", "TableDependency.SqlClient\TableDependency.SqlClient.csproj", "{110FF47E-D483-4B69-9ECA-D784392C6A44}"
EndProject
Project("{FAE04EC0-301F-11D3-BF4B-00C04F79EFBC}") = "TableDependency.SqlClient.Test", "TableDependency.SqlClient.Test\TableDependency.SqlClient.Test.csproj", "{50187A69-921C-453C-B616-92B6FF5AD541}"
EndProject
Project("{9A19103F-16F7-4668-BE54-9A1E7A4F7556}") = "TableDependency.SqlClient.Test.Client.Core", "TableDependency.SqlClient.Test.Client.Core\TableDependency.SqlClient.Test.Client.Core.csproj", "{3A2F7976-F45D-480C-98E2-0EAB7A964C66}"
EndProject
Project("{FAE04EC0-301F-11D3-BF4B-00C04F79EFBC}") = "TableDependency.SqlClient.Test.Client.Framework", "TableDependency.SqlClient.Test.Client.Framework\TableDependency.SqlClient.Test.Client.Framework.csproj", "{36EF3309-9552-412C-83B0-CFC19F77BEA1}"
EndProject
Project("{FAE04EC0-301F-11D3-BF4B-00C04F79EFBC}") = "TableDependency.SqlClient.Test.LoadTests.Listener", "TableDependency.SqlClient.Test.LoadTests.Listener\TableDependency.SqlClient.Test.LoadTests.Listener.csproj", "{F0B96D56-82E9-4D42-B7A5-4CDE42CB587A}"
EndProject
Project("{FAE04EC0-301F-11D3-BF4B-00C04F79EFBC}") = "TableDependency.SqlClient.Test.LoadTests.Writer1", "TableDependency.SqlClient.Test.LoadTests.Writer1\TableDependency.SqlClient.Test.LoadTests.Writer1.csproj", "{6A4BBE77-C4B7-4A81-9E2A-D2DE4E601268}"
EndProject
Project("{FAE04EC0-301F-11D3-BF4B-00C04F79EFBC}") = "TableDependency.SqlClient.Test.LoadTests.Writer2", "TableDependency.SqlClient.Test.LoadTests.Writer2\TableDependency.SqlClient.Test.LoadTests.Writer2.csproj", "{EF72470D-79CE-471E-8395-0E9A580E385C}"
EndProject
Project("{2150E333-8FDC-42A3-9474-1A3956D46DE8}") = "Tests", "Tests", "{FA240A2D-1556-4A9F-9036-8AB067D4E3CA}"
EndProject
Global
	GlobalSection(SolutionConfigurationPlatforms) = preSolution
		Debug|Any CPU = Debug|Any CPU
		Release|Any CPU = Release|Any CPU
	EndGlobalSection
	GlobalSection(ProjectConfigurationPlatforms) = postSolution
		{110FF47E-D483-4B69-9ECA-D784392C6A44}.Debug|Any CPU.ActiveCfg = Debug|Any CPU
		{110FF47E-D483-4B69-9ECA-D784392C6A44}.Debug|Any CPU.Build.0 = Debug|Any CPU
		{110FF47E-D483-4B69-9ECA-D784392C6A44}.Release|Any CPU.ActiveCfg = Release|Any CPU
		{110FF47E-D483-4B69-9ECA-D784392C6A44}.Release|Any CPU.Build.0 = Release|Any CPU
		{50187A69-921C-453C-B616-92B6FF5AD541}.Debug|Any CPU.ActiveCfg = Debug|Any CPU
		{50187A69-921C-453C-B616-92B6FF5AD541}.Debug|Any CPU.Build.0 = Debug|Any CPU
		{50187A69-921C-453C-B616-92B6FF5AD541}.Release|Any CPU.ActiveCfg = Release|Any CPU
		{50187A69-921C-453C-B616-92B6FF5AD541}.Release|Any CPU.Build.0 = Release|Any CPU
		{3A2F7976-F45D-480C-98E2-0EAB7A964C66}.Debug|Any CPU.ActiveCfg = Debug|Any CPU
		{3A2F7976-F45D-480C-98E2-0EAB7A964C66}.Debug|Any CPU.Build.0 = Debug|Any CPU
		{3A2F7976-F45D-480C-98E2-0EAB7A964C66}.Release|Any CPU.ActiveCfg = Release|Any CPU
		{3A2F7976-F45D-480C-98E2-0EAB7A964C66}.Release|Any CPU.Build.0 = Release|Any CPU
		{36EF3309-9552-412C-83B0-CFC19F77BEA1}.Debug|Any CPU.ActiveCfg = Debug|Any CPU
		{36EF3309-9552-412C-83B0-CFC19F77BEA1}.Debug|Any CPU.Build.0 = Debug|Any CPU
		{36EF3309-9552-412C-83B0-CFC19F77BEA1}.Release|Any CPU.ActiveCfg = Release|Any CPU
		{36EF3309-9552-412C-83B0-CFC19F77BEA1}.Release|Any CPU.Build.0 = Release|Any CPU
		{F0B96D56-82E9-4D42-B7A5-4CDE42CB587A}.Debug|Any CPU.ActiveCfg = Debug|Any CPU
		{F0B96D56-82E9-4D42-B7A5-4CDE42CB587A}.Debug|Any CPU.Build.0 = Debug|Any CPU
		{F0B96D56-82E9-4D42-B7A5-4CDE42CB587A}.Release|Any CPU.ActiveCfg = Release|Any CPU
		{F0B96D56-82E9-4D42-B7A5-4CDE42CB587A}.Release|Any CPU.Build.0 = Release|Any CPU
		{6A4BBE77-C4B7-4A81-9E2A-D2DE4E601268}.Debug|Any CPU.ActiveCfg = Debug|Any CPU
		{6A4BBE77-C4B7-4A81-9E2A-D2DE4E601268}.Debug|Any CPU.Build.0 = Debug|Any CPU
		{6A4BBE77-C4B7-4A81-9E2A-D2DE4E601268}.Release|Any CPU.ActiveCfg = Release|Any CPU
		{6A4BBE77-C4B7-4A81-9E2A-D2DE4E601268}.Release|Any CPU.Build.0 = Release|Any CPU
		{EF72470D-79CE-471E-8395-0E9A580E385C}.Debug|Any CPU.ActiveCfg = Debug|Any CPU
		{EF72470D-79CE-471E-8395-0E9A580E385C}.Debug|Any CPU.Build.0 = Debug|Any CPU
		{EF72470D-79CE-471E-8395-0E9A580E385C}.Release|Any CPU.ActiveCfg = Release|Any CPU
		{EF72470D-79CE-471E-8395-0E9A580E385C}.Release|Any CPU.Build.0 = Release|Any CPU
	EndGlobalSection
	GlobalSection(SolutionProperties) = preSolution
		HideSolutionNode = FALSE
	EndGlobalSection
	GlobalSection(NestedProjects) = preSolution
		{50187A69-921C-453C-B616-92B6FF5AD541} = {FA240A2D-1556-4A9F-9036-8AB067D4E3CA}
		{3A2F7976-F45D-480C-98E2-0EAB7A964C66} = {FA240A2D-1556-4A9F-9036-8AB067D4E3CA}
		{36EF3309-9552-412C-83B0-CFC19F77BEA1} = {FA240A2D-1556-4A9F-9036-8AB067D4E3CA}
		{F0B96D56-82E9-4D42-B7A5-4CDE42CB587A} = {FA240A2D-1556-4A9F-9036-8AB067D4E3CA}
		{6A4BBE77-C4B7-4A81-9E2A-D2DE4E601268} = {FA240A2D-1556-4A9F-9036-8AB067D4E3CA}
		{EF72470D-79CE-471E-8395-0E9A580E385C} = {FA240A2D-1556-4A9F-9036-8AB067D4E3CA}
	EndGlobalSection
	GlobalSection(ExtensibilityGlobals) = postSolution
		SolutionGuid = {DE07F587-F2D3-4DFC-907C-F6967C6E2B54}
	EndGlobalSection
EndGlobal
