
Microsoft Visual Studio Solution File, Format Version 12.00
# Visual Studio 14
VisualStudioVersion = 14.0.25420.1
MinimumVisualStudioVersion = 10.0.40219.1
Project("{FAE04EC0-301F-11D3-BF4B-00C04F79EFBC}") = "TableDependency", "TableDependency\TableDependency.csproj", "{0A46A45A-BE9B-455F-A6D1-183C07FEF4BC}"
EndProject
Project("{FAE04EC0-301F-11D3-BF4B-00C04F79EFBC}") = "TableDependency.SqlClient", "TableDependency.SqlClient\TableDependency.SqlClient.csproj", "{3B201820-CB8F-41A1-8430-0C806BCF7494}"
EndProject
Project("{2150E333-8FDC-42A3-9474-1A3956D46DE8}") = "LoadTests", "LoadTests", "{0388953A-AF9E-4718-A9B3-1AB5CABCE7FB}"
EndProject
Project("{2150E333-8FDC-42A3-9474-1A3956D46DE8}") = "IntegrationTests", "IntegrationTests", "{BE3F6738-85D8-46D0-928F-87085E19E9C0}"
EndProject
Project("{2150E333-8FDC-42A3-9474-1A3956D46DE8}") = "Tests", "Tests", "{48852C1F-6B3D-4A7B-8836-7D45B50DBD20}"
EndProject
Project("{2150E333-8FDC-42A3-9474-1A3956D46DE8}") = "DevelopmentTests", "DevelopmentTests", "{BAF6F0A5-FEA5-46F6-93B3-AD7D377F2072}"
EndProject
Project("{FAE04EC0-301F-11D3-BF4B-00C04F79EFBC}") = "ApplicationListener1", "TableDependency.Tests\TableDependency.LoadTests\ApplicationListener1\ApplicationListener1.csproj", "{6046B310-27AA-43A8-9B44-59EF2A45C7DF}"
EndProject
Project("{FAE04EC0-301F-11D3-BF4B-00C04F79EFBC}") = "ApplicationWriter1", "TableDependency.Tests\TableDependency.LoadTests\ApplicationWriter1\ApplicationWriter1.csproj", "{FD1BB916-453D-4D39-B7B1-B675801C3ED3}"
EndProject
Project("{FAE04EC0-301F-11D3-BF4B-00C04F79EFBC}") = "ApplicationWriter2", "TableDependency.Tests\TableDependency.LoadTests\ApplicationWriter2\ApplicationWriter2.csproj", "{02847705-A2CF-4EF3-AEEB-072D84222BFE}"
EndProject
Project("{FAE04EC0-301F-11D3-BF4B-00C04F79EFBC}") = "TableDependency.IntegrationTest", "TableDependency.Tests\TableDependency.IntegrationTest\TableDependency.IntegrationTest.csproj", "{EFC8D631-311A-4E29-91C4-2DEB5B756BB3}"
EndProject
Project("{FAE04EC0-301F-11D3-BF4B-00C04F79EFBC}") = "ConsoleApplicationSqlServer", "TableDependency.Tests\TableDependency.DevelopmentTests\ConsoleApplicationSqlServer.csproj", "{D3EFDFCF-49DC-4BCA-8B7C-97E623687BB0}"
EndProject
Project("{FAE04EC0-301F-11D3-BF4B-00C04F79EFBC}") = "TableDependency.SqlClient.Where", "TableDependency.SqlClient.Where\TableDependency.SqlClient.Where.csproj", "{F1392831-CAC1-4DC3-9F70-D23BE4E0EF62}"
EndProject
Project("{2150E333-8FDC-42A3-9474-1A3956D46DE8}") = "Filter", "Filter", "{670F512D-7283-40BC-A2B3-B4A27F9505D8}"
EndProject
Project("{FAE04EC0-301F-11D3-BF4B-00C04F79EFBC}") = "TableDependency.SqlClient.Where.Tests", "TableDependency.Tests\TableDependency.SqlClient.Where.Tests\TableDependency.SqlClient.Where.Tests.csproj", "{AC98B94D-0CD1-4FD4-92EC-EA0B9A94CA9A}"
EndProject
Global
	GlobalSection(SolutionConfigurationPlatforms) = preSolution
		Debug|Any CPU = Debug|Any CPU
		Release|Any CPU = Release|Any CPU
	EndGlobalSection
	GlobalSection(ProjectConfigurationPlatforms) = postSolution
		{0A46A45A-BE9B-455F-A6D1-183C07FEF4BC}.Debug|Any CPU.ActiveCfg = Debug|Any CPU
		{0A46A45A-BE9B-455F-A6D1-183C07FEF4BC}.Debug|Any CPU.Build.0 = Debug|Any CPU
		{0A46A45A-BE9B-455F-A6D1-183C07FEF4BC}.Release|Any CPU.ActiveCfg = Release|Any CPU
		{0A46A45A-BE9B-455F-A6D1-183C07FEF4BC}.Release|Any CPU.Build.0 = Release|Any CPU
		{3B201820-CB8F-41A1-8430-0C806BCF7494}.Debug|Any CPU.ActiveCfg = Debug|Any CPU
		{3B201820-CB8F-41A1-8430-0C806BCF7494}.Debug|Any CPU.Build.0 = Debug|Any CPU
		{3B201820-CB8F-41A1-8430-0C806BCF7494}.Release|Any CPU.ActiveCfg = Release|Any CPU
		{3B201820-CB8F-41A1-8430-0C806BCF7494}.Release|Any CPU.Build.0 = Release|Any CPU
		{6046B310-27AA-43A8-9B44-59EF2A45C7DF}.Debug|Any CPU.ActiveCfg = Debug|Any CPU
		{6046B310-27AA-43A8-9B44-59EF2A45C7DF}.Debug|Any CPU.Build.0 = Debug|Any CPU
		{6046B310-27AA-43A8-9B44-59EF2A45C7DF}.Release|Any CPU.ActiveCfg = Release|Any CPU
		{6046B310-27AA-43A8-9B44-59EF2A45C7DF}.Release|Any CPU.Build.0 = Release|Any CPU
		{FD1BB916-453D-4D39-B7B1-B675801C3ED3}.Debug|Any CPU.ActiveCfg = Debug|Any CPU
		{FD1BB916-453D-4D39-B7B1-B675801C3ED3}.Debug|Any CPU.Build.0 = Debug|Any CPU
		{FD1BB916-453D-4D39-B7B1-B675801C3ED3}.Release|Any CPU.ActiveCfg = Release|Any CPU
		{FD1BB916-453D-4D39-B7B1-B675801C3ED3}.Release|Any CPU.Build.0 = Release|Any CPU
		{02847705-A2CF-4EF3-AEEB-072D84222BFE}.Debug|Any CPU.ActiveCfg = Debug|Any CPU
		{02847705-A2CF-4EF3-AEEB-072D84222BFE}.Debug|Any CPU.Build.0 = Debug|Any CPU
		{02847705-A2CF-4EF3-AEEB-072D84222BFE}.Release|Any CPU.ActiveCfg = Release|Any CPU
		{02847705-A2CF-4EF3-AEEB-072D84222BFE}.Release|Any CPU.Build.0 = Release|Any CPU
		{EFC8D631-311A-4E29-91C4-2DEB5B756BB3}.Debug|Any CPU.ActiveCfg = Debug|Any CPU
		{EFC8D631-311A-4E29-91C4-2DEB5B756BB3}.Debug|Any CPU.Build.0 = Debug|Any CPU
		{EFC8D631-311A-4E29-91C4-2DEB5B756BB3}.Release|Any CPU.ActiveCfg = Release|Any CPU
		{EFC8D631-311A-4E29-91C4-2DEB5B756BB3}.Release|Any CPU.Build.0 = Release|Any CPU
		{D3EFDFCF-49DC-4BCA-8B7C-97E623687BB0}.Debug|Any CPU.ActiveCfg = Debug|Any CPU
		{D3EFDFCF-49DC-4BCA-8B7C-97E623687BB0}.Debug|Any CPU.Build.0 = Debug|Any CPU
		{D3EFDFCF-49DC-4BCA-8B7C-97E623687BB0}.Release|Any CPU.ActiveCfg = Release|Any CPU
		{D3EFDFCF-49DC-4BCA-8B7C-97E623687BB0}.Release|Any CPU.Build.0 = Release|Any CPU
		{F1392831-CAC1-4DC3-9F70-D23BE4E0EF62}.Debug|Any CPU.ActiveCfg = Debug|Any CPU
		{F1392831-CAC1-4DC3-9F70-D23BE4E0EF62}.Debug|Any CPU.Build.0 = Debug|Any CPU
		{F1392831-CAC1-4DC3-9F70-D23BE4E0EF62}.Release|Any CPU.ActiveCfg = Release|Any CPU
		{F1392831-CAC1-4DC3-9F70-D23BE4E0EF62}.Release|Any CPU.Build.0 = Release|Any CPU
		{AC98B94D-0CD1-4FD4-92EC-EA0B9A94CA9A}.Debug|Any CPU.ActiveCfg = Debug|Any CPU
		{AC98B94D-0CD1-4FD4-92EC-EA0B9A94CA9A}.Debug|Any CPU.Build.0 = Debug|Any CPU
		{AC98B94D-0CD1-4FD4-92EC-EA0B9A94CA9A}.Release|Any CPU.ActiveCfg = Release|Any CPU
		{AC98B94D-0CD1-4FD4-92EC-EA0B9A94CA9A}.Release|Any CPU.Build.0 = Release|Any CPU
	EndGlobalSection
	GlobalSection(SolutionProperties) = preSolution
		HideSolutionNode = FALSE
	EndGlobalSection
	GlobalSection(NestedProjects) = preSolution
		{0388953A-AF9E-4718-A9B3-1AB5CABCE7FB} = {48852C1F-6B3D-4A7B-8836-7D45B50DBD20}
		{BE3F6738-85D8-46D0-928F-87085E19E9C0} = {48852C1F-6B3D-4A7B-8836-7D45B50DBD20}
		{BAF6F0A5-FEA5-46F6-93B3-AD7D377F2072} = {48852C1F-6B3D-4A7B-8836-7D45B50DBD20}
		{6046B310-27AA-43A8-9B44-59EF2A45C7DF} = {0388953A-AF9E-4718-A9B3-1AB5CABCE7FB}
		{FD1BB916-453D-4D39-B7B1-B675801C3ED3} = {0388953A-AF9E-4718-A9B3-1AB5CABCE7FB}
		{02847705-A2CF-4EF3-AEEB-072D84222BFE} = {0388953A-AF9E-4718-A9B3-1AB5CABCE7FB}
		{EFC8D631-311A-4E29-91C4-2DEB5B756BB3} = {BE3F6738-85D8-46D0-928F-87085E19E9C0}
		{D3EFDFCF-49DC-4BCA-8B7C-97E623687BB0} = {BAF6F0A5-FEA5-46F6-93B3-AD7D377F2072}
		{670F512D-7283-40BC-A2B3-B4A27F9505D8} = {48852C1F-6B3D-4A7B-8836-7D45B50DBD20}
		{AC98B94D-0CD1-4FD4-92EC-EA0B9A94CA9A} = {670F512D-7283-40BC-A2B3-B4A27F9505D8}
	EndGlobalSection
EndGlobal
